{
  "version": 4,
  "terraform_version": "1.14.4",
  "serial": 20,
  "lineage": "6a00b484-3732-74a1-d9a5-e41994b60dd0",
  "outputs": {},
  "resources": [
    {
      "mode": "data",
      "type": "google_service_account_access_token",
      "name": "default",
      "provider": "provider[\"registry.terraform.io/hashicorp/google\"]",
      "instances": [
        {
          "schema_version": 0,
          "attributes": {
            "access_token": "ya29.c.c0AZ1aNiVt0cHTamBvmCDL_xBgr4aakABcvCelGVjCFGiFMgVb21yD6z-8AEifwaBJsoxlTV_vkqsJ0-rThRlSrvgT27uNVQMvuhJ4PBgkCGcVLYPGGuO_Tg2GUqOkCPzTkpZ455hKXFfrSO1BqgT5MsFHAUycPTIkgkFbfifcT3rfGCx6lq7iwOonbaro9Ww5YRtVYoqCr15Jyoh2FrVcaWDMJ3t6GkfkEQS7765gGbzBkm724xOonqhxVMXmOlkJeop3CiScmWdZk-pyKtmsXnBwzELdumjw0Tb1lpUOJdeS-jE9-CSSOo1NlCYyjNTcgh9rR8HXyf1oxfycpX3eRmeejreV6PjLRvZURwpPgMdiNecW_xYbOYqaHAuHxonGahq1oNSN-GADSiYFju_ZxB7IR5dJonK30__EUC5I8WmrOR0pTgGv93wrBN1aWde6r3K3enHCTXfm1gJEnlOnzrCnAkW69ISOQIJp-ZCw3NJor061_JZJchEfrMrCI5X-0Pj7Oy8FMEFsAkqQ2R-ljowYIejUJ2oGn8kf6cyXq29SgCxIFy0GHEcy2-6UKSPbWS7-rh5YgFqivdkOjo2a37RnWsTFaS9xQLSlZ00IQKdxy-aPZE8REewCE5Dp97Mfo-lU3TRk5BfSCBRiRgL667ARVXnor12UBvBVZxuj0JFVgnzw17-dWuW5u32XhyV2IZteunYxwBv0ir9-ogxgvyWJQO3lmf5v8sbyZsQFiV6mF8J6FOjRi1Zmyc9UfrxZOVmBa3Xu3xRF-918F6hOVZSxhQ02g7UWpa9iVS_uhdzydMhBkZXUXshIc90Fnpu1U-aSQQ904-u3at08g92SyZk9n9emqZscrI4-BRf6ymeFlktZvZM_2M8jut01mWadBWe7k45v3487YVaZ49hQ_VgUk3WOeWUj7yxcbVzvnfO-6dRe9bcIQizondcb-oZ05RmSFjRf_8FzwiZ1Q37FoavxbIgY2122J8jgfn0i29Q7mgdOYbuV91b",
            "delegates": null,
            "id": "projects/-/serviceAccounts/dtc-de-workshop@dtc-de-course-485800.iam.gserviceaccount.com",
            "lifetime": "3600s",
            "scopes": [
              "https://www.googleapis.com/auth/cloud-platform"
            ],
            "target_service_account": "dtc-de-workshop@dtc-de-course-485800.iam.gserviceaccount.com"
          },
          "sensitive_attributes": [
            [
              {
                "type": "get_attr",
                "value": "access_token"
              }
            ]
          ],
          "identity_schema_version": 0
        }
      ]
    },
    {
      "mode": "managed",
      "type": "google_bigquery_dataset",
      "name": "demo_dataset",
      "provider": "provider[\"registry.terraform.io/hashicorp/google\"]",
      "instances": [
        {
          "schema_version": 0,
          "attributes": {
            "access": [
              {
                "dataset": [],
                "domain": "",
                "group_by_email": "",
                "iam_member": "",
                "role": "OWNER",
                "routine": [],
                "special_group": "",
                "user_by_email": "Daniel.T.Shaver@gmail.com",
                "view": []
              },
              {
                "dataset": [],
                "domain": "",
                "group_by_email": "",
                "iam_member": "",
                "role": "OWNER",
                "routine": [],
                "special_group": "projectOwners",
                "user_by_email": "",
                "view": []
              },
              {
                "dataset": [],
                "domain": "",
                "group_by_email": "",
                "iam_member": "",
                "role": "READER",
                "routine": [],
                "special_group": "projectReaders",
                "user_by_email": "",
                "view": []
              },
              {
                "dataset": [],
                "domain": "",
                "group_by_email": "",
                "iam_member": "",
                "role": "WRITER",
                "routine": [],
                "special_group": "projectWriters",
                "user_by_email": "",
                "view": []
              }
            ],
            "creation_time": 1770068235580,
            "dataset_id": "demo_dataset",
            "default_collation": "",
            "default_encryption_configuration": [],
            "default_partition_expiration_ms": 0,
            "default_table_expiration_ms": 0,
            "delete_contents_on_destroy": false,
            "description": "",
            "effective_labels": {},
            "etag": "33CUDJeCorP5/LRTmvoT1w==",
            "friendly_name": "",
            "id": "projects/dtc-de-course-485800/datasets/demo_dataset",
            "is_case_insensitive": false,
            "labels": null,
            "last_modified_time": 1770068235580,
            "location": "US",
            "max_time_travel_hours": "168",
            "project": "dtc-de-course-485800",
            "self_link": "https://bigquery.googleapis.com/bigquery/v2/projects/dtc-de-course-485800/datasets/demo_dataset",
            "storage_billing_model": "",
            "terraform_labels": {},
            "timeouts": null
          },
          "sensitive_attributes": [],
          "identity_schema_version": 0,
          "private": "eyJlMmJmYjczMC1lY2FhLTExZTYtOGY4OC0zNDM2M2JjN2M0YzAiOnsiY3JlYXRlIjoxMjAwMDAwMDAwMDAwLCJkZWxldGUiOjEyMDAwMDAwMDAwMDAsInVwZGF0ZSI6MTIwMDAwMDAwMDAwMH19"
        }
      ]
    },
    {
      "mode": "managed",
      "type": "google_storage_bucket",
      "name": "terraform-dtc-de-demo",
      "provider": "provider[\"registry.terraform.io/hashicorp/google\"]",
      "instances": [
        {
          "schema_version": 1,
          "attributes": {
            "autoclass": [],
            "cors": [],
            "custom_placement_config": [],
            "default_event_based_hold": false,
            "effective_labels": {},
            "enable_object_retention": false,
            "encryption": [],
            "force_destroy": true,
            "id": "terraform-dtc-de-demo",
            "labels": null,
            "lifecycle_rule": [
              {
                "action": [
                  {
                    "storage_class": "",
                    "type": "AbortIncompleteMultipartUpload"
                  }
                ],
                "condition": [
                  {
                    "age": 1,
                    "created_before": "",
                    "custom_time_before": "",
                    "days_since_custom_time": 0,
                    "days_since_noncurrent_time": 0,
                    "matches_prefix": [],
                    "matches_storage_class": [],
                    "matches_suffix": [],
                    "noncurrent_time_before": "",
                    "num_newer_versions": 0,
                    "with_state": "ANY"
                  }
                ]
              }
            ],
            "location": "US",
            "logging": [],
            "name": "terraform-dtc-de-demo",
            "project": "dtc-de-course-485800",
            "public_access_prevention": "inherited",
            "requester_pays": false,
            "retention_policy": [],
            "self_link": "https://www.googleapis.com/storage/v1/b/terraform-dtc-de-demo",
            "storage_class": "STANDARD",
            "terraform_labels": {},
            "timeouts": null,
            "uniform_bucket_level_access": true,
            "url": "gs://terraform-dtc-de-demo",
            "versioning": [],
            "website": []
          },
          "sensitive_attributes": [],
          "identity_schema_version": 0,
          "private": "eyJlMmJmYjczMC1lY2FhLTExZTYtOGY4OC0zNDM2M2JjN2M0YzAiOnsiY3JlYXRlIjo2MDAwMDAwMDAwMDAsInJlYWQiOjI0MDAwMDAwMDAwMCwidXBkYXRlIjoyNDAwMDAwMDAwMDB9LCJzY2hlbWFfdmVyc2lvbiI6IjEifQ=="
        }
      ]
    }
  ],
  "check_results": null
}
